
Microsoft Visual Studio Solution File, Format Version 12.00
# Visual Studio Version 17
VisualStudioVersion = 17.8.34330.188
MinimumVisualStudioVersion = 10.0.40219.1
Project("{FAE04EC0-301F-11D3-BF4B-00C04F79EFBC}") = "BinaryClock", "BinaryClock\BinaryClock.csproj", "{542D4ADC-065D-4CC1-BC4B-8DD264D05482}"
EndProject
Global
	GlobalSection(SolutionConfigurationPlatforms) = preSolution
		Debug|Any CPU = Debug|Any CPU
		Release|Any CPU = Release|Any CPU
	EndGlobalSection
	GlobalSection(ProjectConfigurationPlatforms) = postSolution
		{542D4ADC-065D-4CC1-BC4B-8DD264D05482}.Debug|Any CPU.ActiveCfg = Debug|Any CPU
		{542D4ADC-065D-4CC1-BC4B-8DD264D05482}.Debug|Any CPU.Build.0 = Debug|Any CPU
		{542D4ADC-065D-4CC1-BC4B-8DD264D05482}.Release|Any CPU.ActiveCfg = Release|Any CPU
		{542D4ADC-065D-4CC1-BC4B-8DD264D05482}.Release|Any CPU.Build.0 = Release|Any CPU
	EndGlobalSection
	GlobalSection(SolutionProperties) = preSolution
		HideSolutionNode = FALSE
	EndGlobalSection
	GlobalSection(ExtensibilityGlobals) = postSolution
		SolutionGuid = {BF643117-7011-4789-BB79-70BD44646A7C}
	EndGlobalSection
EndGlobal
